
Microsoft Visual Studio Solution File, Format Version 12.00
# Visual Studio Version 18
VisualStudioVersion = 18.6.11819.183 stable
MinimumVisualStudioVersion = 10.0.40219.1
Project("{FAE04EC0-301F-11D3-BF4B-00C04F79EFBC}") = "AgentManagement.Avalonia", "AgentManagement.Avalonia.csproj", "{08BA15C2-8655-A9A9-BCBB-960EBD7A62EC}"
EndProject
Project("{54435603-DBB4-11D2-8724-00A0C9A8B90C}") = "数智营", "..\数智营\数智营.vdproj", "{17610763-8672-FD41-1374-0C980837C527}"
EndProject
Global
	GlobalSection(SolutionConfigurationPlatforms) = preSolution
		Debug|Any CPU = Debug|Any CPU
		Release|Any CPU = Release|Any CPU
	EndGlobalSection
	GlobalSection(ProjectConfigurationPlatforms) = postSolution
		{08BA15C2-8655-A9A9-BCBB-960EBD7A62EC}.Debug|Any CPU.ActiveCfg = Debug|Any CPU
		{08BA15C2-8655-A9A9-BCBB-960EBD7A62EC}.Debug|Any CPU.Build.0 = Debug|Any CPU
		{08BA15C2-8655-A9A9-BCBB-960EBD7A62EC}.Release|Any CPU.ActiveCfg = Release|Any CPU
		{08BA15C2-8655-A9A9-BCBB-960EBD7A62EC}.Release|Any CPU.Build.0 = Release|Any CPU
		{17610763-8672-FD41-1374-0C980837C527}.Debug|Any CPU.ActiveCfg = Debug
		{17610763-8672-FD41-1374-0C980837C527}.Release|Any CPU.ActiveCfg = Release
	EndGlobalSection
	GlobalSection(SolutionProperties) = preSolution
		HideSolutionNode = FALSE
	EndGlobalSection
	GlobalSection(ExtensibilityGlobals) = postSolution
		SolutionGuid = {67DD5956-AF9A-4740-A61B-AB5C73EE630B}
	EndGlobalSection
EndGlobal
